# THIS IS AN AUTOGENERATED FILE. DO NOT EDIT THIS FILE DIRECTLY.
# yarn lockfile v1


"@algolia/cache-browser-local-storage@4.5.1":
  version "4.5.1"
  resolved "https://registry.yarnpkg.com/@algolia/cache-browser-local-storage/-/cache-browser-local-storage-4.5.1.tgz#bdf58c30795683fd48310c552c3a10f10fb26e2b"
  integrity sha512-TAQHRHaCUAR0bNhUHG0CnO6FTx3EMPwZQrjPuNS6kHvCQ/H8dVD0sLsHyM8C7U4j33xPQCWi9TBnSx8cYXNmNw==
  dependencies:
    "@algolia/cache-common" "4.5.1"

"@algolia/cache-common@4.5.1":
  version "4.5.1"
  resolved "https://registry.yarnpkg.com/@algolia/cache-common/-/cache-common-4.5.1.tgz#3aefda3382dc30b67091b01a3d7461d937082821"
  integrity sha512-Sux+pcedQi9sfScIiQdl6pEaTVl712qM9OblvDhnaeF1v6lf4jyTlRTiBLP7YBLuvO1Yo54W3maf03kmz9PVhA==

"@algolia/cache-in-memory@4.5.1":
  version "4.5.1"
  resolved "https://registry.yarnpkg.com/@algolia/cache-in-memory/-/cache-in-memory-4.5.1.tgz#127cd473474f62300a157f4ee3b3f6836003cf35"
  integrity sha512-fzwAtBFwveuG+E5T/namChEIvdVl0DoV3djV1C078b/JpO5+DeAwuXIJGYbyl950u170n5NEYuIwYG+R6h4lJQ==
  dependencies:
    "@algolia/cache-common" "4.5.1"

"@algolia/client-account@4.5.1":
  version "4.5.1"
  resolved "https://registry.yarnpkg.com/@algolia/client-account/-/client-account-4.5.1.tgz#7d3ccda09d3c7849b171c915da0833e7649bab33"
  integrity sha512-2WFEaI7Zf4ljnBsSAS4e+YylZ5glovm78xFg4E1JKA8PE6M+TeIgUY6HO2ouLh2dqQKxc9UfdAT1Loo/dha2iQ==
  dependencies:
    "@algolia/client-common" "4.5.1"
    "@algolia/client-search" "4.5.1"
    "@algolia/transporter" "4.5.1"

"@algolia/client-analytics@4.5.1":
  version "4.5.1"
  resolved "https://registry.yarnpkg.com/@algolia/client-analytics/-/client-analytics-4.5.1.tgz#bfc2a7292a9ea789ca3c99f79b1f96c08d378828"
  integrity sha512-bTmZUU8zhZMWBeGEQ/TVqLoL3OOT0benU0HtS3iOnQURwb+AOCv3RsgZvkj2djp+M24Q6P8/L34uBJMmCurbLg==
  dependencies:
    "@algolia/client-common" "4.5.1"
    "@algolia/client-search" "4.5.1"
    "@algolia/requester-common" "4.5.1"
    "@algolia/transporter" "4.5.1"

"@algolia/client-common@4.5.1":
  version "4.5.1"
  resolved "https://registry.yarnpkg.com/@algolia/client-common/-/client-common-4.5.1.tgz#91a401eba6eafd7cc74a0aeccb4c6e6cb1e72026"
  integrity sha512-5CpIf8IK1hke7q+N4e+A4TWdFXVJ5Qwyaa0xS84DrDO8HQ7vfYbDvG1oYa9hVEtGn6c3WVKPAvuWynK+fXQQCA==
  dependencies:
    "@algolia/requester-common" "4.5.1"
    "@algolia/transporter" "4.5.1"

"@algolia/client-recommendation@4.5.1":
  version "4.5.1"
  resolved "https://registry.yarnpkg.com/@algolia/client-recommendation/-/client-recommendation-4.5.1.tgz#57a1fe30987c90b10d5119b8e7d6cd91c423e54c"
  integrity sha512-GiFrNSImoEBUQICjFBEoxPGzrjWji8PY9GeMg2CNvOYcRQ0Xt0Y36v9GN53NLjvB7QdQ2FlE1Cuv/PLUfS/aQQ==
  dependencies:
    "@algolia/client-common" "4.5.1"
    "@algolia/requester-common" "4.5.1"
    "@algolia/transporter" "4.5.1"

"@algolia/client-search@4.5.1":
  version "4.5.1"
  resolved "https://registry.yarnpkg.com/@algolia/client-search/-/client-search-4.5.1.tgz#cb798c99d6621e29a36334b92205518a74ecdf3e"
  integrity sha512-wjuOTte9Auo9Cg4fL0709PjeJ9rXFh4okYUrOt/2SWqQid6DSdZOp+BtyaHKV3E94sj+SlmMxkMUacYluYg5zA==
  dependencies:
    "@algolia/client-common" "4.5.1"
    "@algolia/requester-common" "4.5.1"
    "@algolia/transporter" "4.5.1"

"@algolia/logger-common@4.5.1":
  version "4.5.1"
  resolved "https://registry.yarnpkg.com/@algolia/logger-common/-/logger-common-4.5.1.tgz#18d654516369a28e25ad7eee4fc2882fd47ed8ec"
  integrity sha512-ZoVnGriinlLHlkvn5K7djOUn1/1IeTjU8rDzOJ3t06T+2hQytgJghaX7rSwKIeH4CjWMy61w8jLisuGJRBOEeg==

"@algolia/logger-console@4.5.1":
  version "4.5.1"
  resolved "https://registry.yarnpkg.com/@algolia/logger-console/-/logger-console-4.5.1.tgz#c9def97c20bea5eecb4b07f8d3f733c0192d1761"
  integrity sha512-1qa7K18+uAgxyWuguayaDS5ViiZFcOjI3J5ACBb0i/n7RsXUo149lP6mwmx6TIU7s135hT0f0TCqnvfMvN1ilA==
  dependencies:
    "@algolia/logger-common" "4.5.1"

"@algolia/requester-browser-xhr@4.5.1":
  version "4.5.1"
  resolved "https://registry.yarnpkg.com/@algolia/requester-browser-xhr/-/requester-browser-xhr-4.5.1.tgz#838b55209d2c83572df261338f7cd75be36de401"
  integrity sha512-tsQz+9pZw9dwPm/wMvZDpsWFZgmghLjXi4c3O4rfwoP/Ikum5fhle5fiR14yb4Lw4WlOQ1AJIHJvrg1qLIG8hQ==
  dependencies:
    "@algolia/requester-common" "4.5.1"

"@algolia/requester-common@4.5.1":
  version "4.5.1"
  resolved "https://registry.yarnpkg.com/@algolia/requester-common/-/requester-common-4.5.1.tgz#a34d02daa6093e112b528d3bcd5a5467c00ba823"
  integrity sha512-bPCiLvhHKXaka7f5FLtheChToz0yHVhvza64naFJRRh/3kC0nvyrvQ0ogjiydiSrGIfdNDyyTVfKGdk4gS5gyA==

"@algolia/requester-node-http@4.5.1":
  version "4.5.1"
  resolved "https://registry.yarnpkg.com/@algolia/requester-node-http/-/requester-node-http-4.5.1.tgz#29911c104c6714a5cb29d3991f2b50c52301e091"
  integrity sha512-BfFc2h9eQOKu1gGs3DtQO7GrVZW/rxUgpJVLja4UVQyGplJyTCrFgkTyfl+8rb3MkNgA/S2LNo7cKNSPfpqeAQ==
  dependencies:
    "@algolia/requester-common" "4.5.1"

"@algolia/transporter@4.5.1":
  version "4.5.1"
  resolved "https://registry.yarnpkg.com/@algolia/transporter/-/transporter-4.5.1.tgz#e0a5c64f358b6751f867001f51f384d6fc7ede14"
  integrity sha512-asPDNToDAPhH0tM6qKGTn1l0wTlNUbekpa1ifZ6v+qhSjo3VdqGyp+2VeciJOBW/wVHXh3HUbAcycvLERRlCLg==
  dependencies:
    "@algolia/cache-common" "4.5.1"
    "@algolia/logger-common" "4.5.1"
    "@algolia/requester-common" "4.5.1"

algoliasearch@^4.5.1:
  version "4.5.1"
  resolved "https://registry.yarnpkg.com/algoliasearch/-/algoliasearch-4.5.1.tgz#fd20cd76f6ba3fbecdd4e11bdaefefb44abc0b38"
  integrity sha512-b6yT1vWMlBdVObQipKxvt0M6SEvGetVj+FFFlo0Fy06gkdj6WCJaS4t10Q/hC3I2VG9QmpCqlK3Esgg1y1E+uw==
  dependencies:
    "@algolia/cache-browser-local-storage" "4.5.1"
    "@algolia/cache-common" "4.5.1"
    "@algolia/cache-in-memory" "4.5.1"
    "@algolia/client-account" "4.5.1"
    "@algolia/client-analytics" "4.5.1"
    "@algolia/client-common" "4.5.1"
    "@algolia/client-recommendation" "4.5.1"
    "@algolia/client-search" "4.5.1"
    "@algolia/logger-common" "4.5.1"
    "@algolia/logger-console" "4.5.1"
    "@algolia/requester-browser-xhr" "4.5.1"
    "@algolia/requester-common" "4.5.1"
    "@algolia/requester-node-http" "4.5.1"
    "@algolia/transporter" "4.5.1"
